
Microsoft Visual Studio Solution File, Format Version 12.00
# Visual Studio Version 16
VisualStudioVersion = 16.0.32002.261
MinimumVisualStudioVersion = 10.0.40219.1
Project("{FAE04EC0-301F-11D3-BF4B-00C04F79EFBC}") = "Task7", "Task7\Task7.csproj", "{21CD63F5-B922-4170-B6D0-305B7D8CC441}"
EndProject
Global
	GlobalSection(SolutionConfigurationPlatforms) = preSolution
		Debug|Any CPU = Debug|Any CPU
		Release|Any CPU = Release|Any CPU
	EndGlobalSection
	GlobalSection(ProjectConfigurationPlatforms) = postSolution
		{21CD63F5-B922-4170-B6D0-305B7D8CC441}.Debug|Any CPU.ActiveCfg = Debug|Any CPU
		{21CD63F5-B922-4170-B6D0-305B7D8CC441}.Debug|Any CPU.Build.0 = Debug|Any CPU
		{21CD63F5-B922-4170-B6D0-305B7D8CC441}.Release|Any CPU.ActiveCfg = Release|Any CPU
		{21CD63F5-B922-4170-B6D0-305B7D8CC441}.Release|Any CPU.Build.0 = Release|Any CPU
	EndGlobalSection
	GlobalSection(SolutionProperties) = preSolution
		HideSolutionNode = FALSE
	EndGlobalSection
	GlobalSection(ExtensibilityGlobals) = postSolution
		SolutionGuid = {FFD53CF3-AB2B-4A05-ACDB-594728031636}
	EndGlobalSection
EndGlobal
