
Microsoft Visual Studio Solution File, Format Version 12.00
# Visual Studio Version 16
VisualStudioVersion = 16.0.32002.261
MinimumVisualStudioVersion = 10.0.40219.1
Project("{FAE04EC0-301F-11D3-BF4B-00C04F79EFBC}") = "Task5", "Task5\Task5.csproj", "{78CDDD5B-B545-40AD-9F27-DFDEDCAB60F8}"
EndProject
Global
	GlobalSection(SolutionConfigurationPlatforms) = preSolution
		Debug|Any CPU = Debug|Any CPU
		Release|Any CPU = Release|Any CPU
	EndGlobalSection
	GlobalSection(ProjectConfigurationPlatforms) = postSolution
		{78CDDD5B-B545-40AD-9F27-DFDEDCAB60F8}.Debug|Any CPU.ActiveCfg = Debug|Any CPU
		{78CDDD5B-B545-40AD-9F27-DFDEDCAB60F8}.Debug|Any CPU.Build.0 = Debug|Any CPU
		{78CDDD5B-B545-40AD-9F27-DFDEDCAB60F8}.Release|Any CPU.ActiveCfg = Release|Any CPU
		{78CDDD5B-B545-40AD-9F27-DFDEDCAB60F8}.Release|Any CPU.Build.0 = Release|Any CPU
	EndGlobalSection
	GlobalSection(SolutionProperties) = preSolution
		HideSolutionNode = FALSE
	EndGlobalSection
	GlobalSection(ExtensibilityGlobals) = postSolution
		SolutionGuid = {442F8A17-4562-4D08-9407-59DD53BE1AB9}
	EndGlobalSection
EndGlobal
